{
    "_readme": [
        "This file locks the dependencies of your project to a known state",
        "Read more about it at https://getcomposer.org/doc/01-basic-usage.md#installing-dependencies",
        "This file is @generated automatically"
    ],
    "content-hash": "52867031a8e0043c0e8e48863761f206",
    "packages": [
        {
            "name": "legacy/lib",
            "version": "1.0.0",
            "dist": {
                "type": "path",
                "url": "packages/legacy-lib",
                "reference": "ff195985e0a0f3ffdaae166ba7894cfa911a90eb"
            },
            "type": "library",
            "autoload": {
                "psr-0": {
                    "Legacy": "src/"
                }
            },
            "transport-options": {
                "symlink": false,
                "relative": true
            }
        }
    ],
    "packages-dev": [],
    "aliases": [],
    "minimum-stability": "stable",
    "stability-flags": {},
    "prefer-stable": false,
    "prefer-lowest": false,
    "platform": {},
    "platform-dev": {},
    "plugin-api-version": "2.6.0"
}
