{
    "_readme": [
        "This file locks the dependencies of your project to a known state",
        "Read more about it at https://getcomposer.org/doc/01-basic-usage.md#installing-dependencies",
        "This file is @generated automatically"
    ],
    "content-hash": "dc514c1ff94c84d2eacf0a26eaefe260",
    "packages": [
        {
            "name": "acme/helpers",
            "version": "1.0.0",
            "dist": {
                "type": "path",
                "url": "packages/helpers",
                "reference": "a3ef6914e17a39a8b777f3cfedd8bec30ecfe443"
            },
            "type": "library",
            "autoload": {
                "files": [
                    "functions.php"
                ]
            },
            "transport-options": {
                "symlink": false,
                "relative": true
            }
        },
        {
            "name": "acme/lib",
            "version": "1.0.0",
            "dist": {
                "type": "path",
                "url": "packages/acme-lib",
                "reference": "9b25448650c8a32840203cccfb2055ab851c758b"
            },
            "type": "library",
            "autoload": {
                "psr-4": {
                    "Acme\\Lib\\": "src/"
                }
            },
            "transport-options": {
                "symlink": false,
                "relative": true
            }
        },
        {
            "name": "acme/scanner",
            "version": "1.0.0",
            "dist": {
                "type": "path",
                "url": "packages/scanner",
                "reference": "e9c59d22f552231fc66bd4ada2acfa980c4fba30"
            },
            "type": "library",
            "autoload": {
                "classmap": [
                    "classes/"
                ]
            },
            "transport-options": {
                "symlink": false,
                "relative": true
            }
        }
    ],
    "packages-dev": [],
    "aliases": [],
    "minimum-stability": "stable",
    "stability-flags": {},
    "prefer-stable": false,
    "prefer-lowest": false,
    "platform": {},
    "platform-dev": {},
    "plugin-api-version": "2.6.0"
}
