{
    "_readme": [
        "This file locks the dependencies of your project to a known state",
        "Read more about it at https://getcomposer.org/doc/01-basic-usage.md#installing-dependencies",
        "This file is @generated automatically"
    ],
    "content-hash": "df5bbaf9cbb1da505afc4a241e8149e5",
    "packages": [
        {
            "name": "acme/lib",
            "version": "1.0.0",
            "dist": {
                "type": "path",
                "url": "packages/lib",
                "reference": "35e92418f2164d661133200545fdcb5ce55e7399"
            },
            "type": "library",
            "autoload": {
                "psr-4": {
                    "Acme\\Lib\\": "src/"
                }
            },
            "transport-options": {
                "symlink": false,
                "relative": true
            }
        }
    ],
    "packages-dev": [],
    "aliases": [],
    "minimum-stability": "stable",
    "stability-flags": {},
    "prefer-stable": false,
    "prefer-lowest": false,
    "platform": {},
    "platform-dev": {},
    "plugin-api-version": "2.6.0"
}
