{
    "_readme": [
        "This file locks the dependencies of your project to a known state",
        "Read more about it at https://getcomposer.org/doc/01-basic-usage.md#installing-dependencies",
        "This file is @generated automatically"
    ],
    "content-hash": "7a487e9cd6154b408871eaa142d0affa",
    "packages": [
        {
            "name": "acme/helpers",
            "version": "1.0.0",
            "dist": {
                "type": "path",
                "url": "packages/helpers",
                "reference": "a3ef6914e17a39a8b777f3cfedd8bec30ecfe443"
            },
            "type": "library",
            "autoload": {
                "files": [
                    "functions.php"
                ]
            },
            "transport-options": {
                "symlink": false,
                "relative": true
            }
        }
    ],
    "packages-dev": [],
    "aliases": [],
    "minimum-stability": "stable",
    "stability-flags": {},
    "prefer-stable": false,
    "prefer-lowest": false,
    "platform": {},
    "platform-dev": {},
    "plugin-api-version": "2.6.0"
}
