{
    "_readme": [
        "This file locks the dependencies of your project to a known state",
        "Read more about it at https://getcomposer.org/doc/01-basic-usage.md#installing-dependencies",
        "This file is @generated automatically"
    ],
    "content-hash": "115932632f56813e0f70edd3ea38c127",
    "packages": [
        {
            "name": "acme/alpha",
            "version": "1.0.0",
            "dist": {
                "type": "path",
                "url": "packages/alpha",
                "reference": "267eaccf760641678ee43555c573a7679f138507"
            },
            "require": {
                "acme/zulu": "*"
            },
            "type": "library",
            "autoload": {
                "files": [
                    "alpha.php"
                ]
            },
            "transport-options": {
                "symlink": false,
                "relative": true
            }
        },
        {
            "name": "acme/zulu",
            "version": "1.0.0",
            "dist": {
                "type": "path",
                "url": "packages/zulu",
                "reference": "e3e30b9ec924baf395e0467e79479b7ceb915c20"
            },
            "type": "library",
            "autoload": {
                "files": [
                    "zulu.php"
                ]
            },
            "transport-options": {
                "symlink": false,
                "relative": true
            }
        }
    ],
    "packages-dev": [],
    "aliases": [],
    "minimum-stability": "stable",
    "stability-flags": {},
    "prefer-stable": false,
    "prefer-lowest": false,
    "platform": {},
    "platform-dev": {},
    "plugin-api-version": "2.6.0"
}
