{
    "_readme": [
        "This file locks the dependencies of your project to a known state",
        "Read more about it at https://getcomposer.org/doc/01-basic-usage.md#installing-dependencies",
        "This file is @generated automatically"
    ],
    "content-hash": "e8f3e6ab7d1b4c760f1d4bf9d21579d2",
    "packages": [
        {
            "name": "acme/scanner",
            "version": "1.0.0",
            "dist": {
                "type": "path",
                "url": "packages/scanner",
                "reference": "0152746cebbe946a50f0e6ead7118b2a6d049e6e"
            },
            "type": "library",
            "autoload": {
                "classmap": [
                    "lib/"
                ]
            },
            "transport-options": {
                "symlink": false,
                "relative": true
            }
        }
    ],
    "packages-dev": [],
    "aliases": [],
    "minimum-stability": "stable",
    "stability-flags": {},
    "prefer-stable": false,
    "prefer-lowest": false,
    "platform": {},
    "platform-dev": {},
    "plugin-api-version": "2.6.0"
}
