{
    "_readme": [
        "This file locks the dependencies of your project to a known state",
        "Read more about it at https://getcomposer.org/doc/01-basic-usage.md#installing-dependencies",
        "This file is @generated automatically"
    ],
    "content-hash": "c755c11338a323558e3ceb30a51c358a",
    "packages": [
        {
            "name": "acme/foo-polyfill",
            "version": "1.0.0",
            "dist": {
                "type": "path",
                "url": "packages/foo-polyfill",
                "reference": "3e6e52d9dab6f2a0c102e35191f84a3012ec5d27"
            },
            "provide": {
                "ext-foo": "*"
            },
            "type": "library",
            "transport-options": {
                "symlink": false,
                "relative": true
            }
        }
    ],
    "packages-dev": [],
    "aliases": [],
    "minimum-stability": "stable",
    "stability-flags": {},
    "prefer-stable": false,
    "prefer-lowest": false,
    "platform": {
        "php": ">=8.1",
        "ext-json": "*",
        "ext-foo": "*"
    },
    "platform-dev": {},
    "plugin-api-version": "2.6.0"
}
